// !$*UTF8*$!
{
	archiveVersion = 1;
	classes = {
	};
	objectVersion = 48;
	objects = {

/* Begin PBXBuildFile section */
		844542A8201A1CC70006DDC9 /* FitbitBleFramework.framework in Frameworks */ = {isa = PBXBuildFile; fileRef = 844542A7201A1CC70006DDC9 /* FitbitBleFramework.framework */; };
		844542A9201A1CC70006DDC9 /* FitbitBleFramework.framework in Embed Frameworks */ = {isa = PBXBuildFile; fileRef = 844542A7201A1CC70006DDC9 /* FitbitBleFramework.framework */; settings = {ATTRIBUTES = (CodeSignOnCopy, RemoveHeadersOnCopy, ); }; };
		844542B2201A22110006DDC9 /* Storyboard.storyboard in Resources */ = {isa = PBXBuildFile; fileRef = 844542B1201A22110006DDC9 /* Storyboard.storyboard */; };
		84B8CCE2201A056800FAD66E /* AppDelegate.m in Sources */ = {isa = PBXBuildFile; fileRef = 84B8CCE1201A056800FAD66E /* AppDelegate.m */; };
		84B8CCE5201A056800FAD66E /* ViewController.m in Sources */ = {isa = PBXBuildFile; fileRef = 84B8CCE4201A056800FAD66E /* ViewController.m */; };
		84B8CCEA201A056800FAD66E /* Assets.xcassets in Resources */ = {isa = PBXBuildFile; fileRef = 84B8CCE9201A056800FAD66E /* Assets.xcassets */; };
		84B8CCED201A056800FAD66E /* LaunchScreen.storyboard in Resources */ = {isa = PBXBuildFile; fileRef = 84B8CCEB201A056800FAD66E /* LaunchScreen.storyboard */; };
		84B8CCF0201A056800FAD66E /* main.m in Sources */ = {isa = PBXBuildFile; fileRef = 84B8CCEF201A056800FAD66E /* main.m */; };
		84B8CCF7201A060300FAD66E /* BLEScanner.framework in Frameworks */ = {isa = PBXBuildFile; fileRef = 84B8CCF6201A060300FAD66E /* BLEScanner.framework */; };
		84B8CCF8201A060300FAD66E /* BLEScanner.framework in Embed Frameworks */ = {isa = PBXBuildFile; fileRef = 84B8CCF6201A060300FAD66E /* BLEScanner.framework */; settings = {ATTRIBUTES = (CodeSignOnCopy, RemoveHeadersOnCopy, ); }; };
/* End PBXBuildFile section */

/* Begin PBXCopyFilesBuildPhase section */
		84B8CCF9201A060300FAD66E /* Embed Frameworks */ = {
			isa = PBXCopyFilesBuildPhase;
			buildActionMask = 2147483647;
			dstPath = "";
			dstSubfolderSpec = 10;
			files = (
				84B8CCF8201A060300FAD66E /* BLEScanner.framework in Embed Frameworks */,
				844542A9201A1CC70006DDC9 /* FitbitBleFramework.framework in Embed Frameworks */,
			);
			name = "Embed Frameworks";
			runOnlyForDeploymentPostprocessing = 0;
		};
/* End PBXCopyFilesBuildPhase section */

/* Begin PBXFileReference section */
		844542A7201A1CC70006DDC9 /* FitbitBleFramework.framework */ = {isa = PBXFileReference; explicitFileType = wrapper.framework; path = FitbitBleFramework.framework; sourceTree = BUILT_PRODUCTS_DIR; };
		844542AA201A1E5E0006DDC9 /* ScannerIOSDemo-Bridging-Header.h */ = {isa = PBXFileReference; lastKnownFileType = sourcecode.c.h; path = "ScannerIOSDemo-Bridging-Header.h"; sourceTree = "<group>"; };
		844542B1201A22110006DDC9 /* Storyboard.storyboard */ = {isa = PBXFileReference; lastKnownFileType = file.storyboard; path = Storyboard.storyboard; sourceTree = "<group>"; };
		84B8CCDD201A056800FAD66E /* ScannerIOSDemo.app */ = {isa = PBXFileReference; explicitFileType = wrapper.application; includeInIndex = 0; path = ScannerIOSDemo.app; sourceTree = BUILT_PRODUCTS_DIR; };
		84B8CCE0201A056800FAD66E /* AppDelegate.h */ = {isa = PBXFileReference; lastKnownFileType = sourcecode.c.h; path = AppDelegate.h; sourceTree = "<group>"; };
		84B8CCE1201A056800FAD66E /* AppDelegate.m */ = {isa = PBXFileReference; lastKnownFileType = sourcecode.c.objc; path = AppDelegate.m; sourceTree = "<group>"; };
		84B8CCE3201A056800FAD66E /* ViewController.h */ = {isa = PBXFileReference; lastKnownFileType = sourcecode.c.h; path = ViewController.h; sourceTree = "<group>"; };
		84B8CCE4201A056800FAD66E /* ViewController.m */ = {isa = PBXFileReference; lastKnownFileType = sourcecode.c.objc; path = ViewController.m; sourceTree = "<group>"; };
		84B8CCE9201A056800FAD66E /* Assets.xcassets */ = {isa = PBXFileReference; lastKnownFileType = folder.assetcatalog; path = Assets.xcassets; sourceTree = "<group>"; };
		84B8CCEC201A056800FAD66E /* Base */ = {isa = PBXFileReference; lastKnownFileType = file.storyboard; name = Base; path = Base.lproj/LaunchScreen.storyboard; sourceTree = "<group>"; };
		84B8CCEE201A056800FAD66E /* Info.plist */ = {isa = PBXFileReference; lastKnownFileType = text.plist.xml; path = Info.plist; sourceTree = "<group>"; };
		84B8CCEF201A056800FAD66E /* main.m */ = {isa = PBXFileReference; lastKnownFileType = sourcecode.c.objc; path = main.m; sourceTree = "<group>"; };
		84B8CCF6201A060300FAD66E /* BLEScanner.framework */ = {isa = PBXFileReference; explicitFileType = wrapper.framework; path = BLEScanner.framework; sourceTree = BUILT_PRODUCTS_DIR; };
/* End PBXFileReference section */

/* Begin PBXFrameworksBuildPhase section */
		84B8CCDA201A056800FAD66E /* Frameworks */ = {
			isa = PBXFrameworksBuildPhase;
			buildActionMask = 2147483647;
			files = (
				84B8CCF7201A060300FAD66E /* BLEScanner.framework in Frameworks */,
				844542A8201A1CC70006DDC9 /* FitbitBleFramework.framework in Frameworks */,
			);
			runOnlyForDeploymentPostprocessing = 0;
		};
/* End PBXFrameworksBuildPhase section */

/* Begin PBXGroup section */
		84B8CCD4201A056800FAD66E = {
			isa = PBXGroup;
			children = (
				844542A7201A1CC70006DDC9 /* FitbitBleFramework.framework */,
				84B8CCF6201A060300FAD66E /* BLEScanner.framework */,
				84B8CCDF201A056800FAD66E /* ScannerIOSDemo */,
				84B8CCDE201A056800FAD66E /* Products */,
			);
			sourceTree = "<group>";
		};
		84B8CCDE201A056800FAD66E /* Products */ = {
			isa = PBXGroup;
			children = (
				84B8CCDD201A056800FAD66E /* ScannerIOSDemo.app */,
			);
			name = Products;
			sourceTree = "<group>";
		};
		84B8CCDF201A056800FAD66E /* ScannerIOSDemo */ = {
			isa = PBXGroup;
			children = (
				84B8CCE0201A056800FAD66E /* AppDelegate.h */,
				84B8CCE1201A056800FAD66E /* AppDelegate.m */,
				84B8CCE3201A056800FAD66E /* ViewController.h */,
				84B8CCE4201A056800FAD66E /* ViewController.m */,
				84B8CCE9201A056800FAD66E /* Assets.xcassets */,
				84B8CCEB201A056800FAD66E /* LaunchScreen.storyboard */,
				84B8CCEE201A056800FAD66E /* Info.plist */,
				84B8CCEF201A056800FAD66E /* main.m */,
				844542AA201A1E5E0006DDC9 /* ScannerIOSDemo-Bridging-Header.h */,
				844542B1201A22110006DDC9 /* Storyboard.storyboard */,
			);
			path = ScannerIOSDemo;
			sourceTree = "<group>";
		};
/* End PBXGroup section */

/* Begin PBXNativeTarget section */
		84B8CCDC201A056800FAD66E /* ScannerIOSDemo */ = {
			isa = PBXNativeTarget;
			buildConfigurationList = 84B8CCF3201A056800FAD66E /* Build configuration list for PBXNativeTarget "ScannerIOSDemo" */;
			buildPhases = (
				84B8CCD9201A056800FAD66E /* Sources */,
				84B8CCDA201A056800FAD66E /* Frameworks */,
				84B8CCDB201A056800FAD66E /* Resources */,
				84B8CCF9201A060300FAD66E /* Embed Frameworks */,
			);
			buildRules = (
			);
			dependencies = (
			);
			name = ScannerIOSDemo;
			productName = ScannerIOSDemo;
			productReference = 84B8CCDD201A056800FAD66E /* ScannerIOSDemo.app */;
			productType = "com.apple.product-type.application";
		};
/* End PBXNativeTarget section */

/* Begin PBXProject section */
		84B8CCD5201A056800FAD66E /* Project object */ = {
			isa = PBXProject;
			attributes = {
				LastUpgradeCheck = 0910;
				ORGANIZATIONNAME = kyzmitch;
				TargetAttributes = {
					84B8CCDC201A056800FAD66E = {
						CreatedOnToolsVersion = 9.1;
						LastSwiftMigration = 0920;
						ProvisioningStyle = Automatic;
						SystemCapabilities = {
							com.apple.BackgroundModes = {
								enabled = 1;
							};
						};
					};
				};
			};
			buildConfigurationList = 84B8CCD8201A056800FAD66E /* Build configuration list for PBXProject "ScannerIOSDemo" */;
			compatibilityVersion = "Xcode 8.0";
			developmentRegion = en;
			hasScannedForEncodings = 0;
			knownRegions = (
				en,
				Base,
			);
			mainGroup = 84B8CCD4201A056800FAD66E;
			productRefGroup = 84B8CCDE201A056800FAD66E /* Products */;
			projectDirPath = "";
			projectRoot = "";
			targets = (
				84B8CCDC201A056800FAD66E /* ScannerIOSDemo */,
			);
		};
/* End PBXProject section */

/* Begin PBXResourcesBuildPhase section */
		84B8CCDB201A056800FAD66E /* Resources */ = {
			isa = PBXResourcesBuildPhase;
			buildActionMask = 2147483647;
			files = (
				84B8CCED201A056800FAD66E /* LaunchScreen.storyboard in Resources */,
				84B8CCEA201A056800FAD66E /* Assets.xcassets in Resources */,
				844542B2201A22110006DDC9 /* Storyboard.storyboard in Resources */,
			);
			runOnlyForDeploymentPostprocessing = 0;
		};
/* End PBXResourcesBuildPhase section */

/* Begin PBXSourcesBuildPhase section */
		84B8CCD9201A056800FAD66E /* Sources */ = {
			isa = PBXSourcesBuildPhase;
			buildActionMask = 2147483647;
			files = (
				84B8CCE5201A056800FAD66E /* ViewController.m in Sources */,
				84B8CCF0201A056800FAD66E /* main.m in Sources */,
				84B8CCE2201A056800FAD66E /* AppDelegate.m in Sources */,
			);
			runOnlyForDeploymentPostprocessing = 0;
		};
/* End PBXSourcesBuildPhase section */

/* Begin PBXVariantGroup section */
		84B8CCEB201A056800FAD66E /* LaunchScreen.storyboard */ = {
			isa = PBXVariantGroup;
			children = (
				84B8CCEC201A056800FAD66E /* Base */,
			);
			name = LaunchScreen.storyboard;
			sourceTree = "<group>";
		};
/* End PBXVariantGroup section */

/* Begin XCBuildConfiguration section */
		84B8CCF1201A056800FAD66E /* Debug */ = {
			isa = XCBuildConfiguration;
			buildSettings = {
				ALWAYS_SEARCH_USER_PATHS = NO;
				CLANG_ANALYZER_NONNULL = YES;
				CLANG_ANALYZER_NUMBER_OBJECT_CONVERSION = YES_AGGRESSIVE;
				CLANG_CXX_LANGUAGE_STANDARD = "gnu++14";
				CLANG_CXX_LIBRARY = "libc++";
				CLANG_ENABLE_MODULES = YES;
				CLANG_ENABLE_OBJC_ARC = YES;
				CLANG_WARN_BLOCK_CAPTURE_AUTORELEASING = YES;
				CLANG_WARN_BOOL_CONVERSION = YES;
				CLANG_WARN_COMMA = YES;
				CLANG_WARN_CONSTANT_CONVERSION = YES;
				CLANG_WARN_DIRECT_OBJC_ISA_USAGE = YES_ERROR;
				CLANG_WARN_DOCUMENTATION_COMMENTS = YES;
				CLANG_WARN_EMPTY_BODY = YES;
				CLANG_WARN_ENUM_CONVERSION = YES;
				CLANG_WARN_INFINITE_RECURSION = YES;
				CLANG_WARN_INT_CONVERSION = YES;
				CLANG_WARN_NON_LITERAL_NULL_CONVERSION = YES;
				CLANG_WARN_OBJC_LITERAL_CONVERSION = YES;
				CLANG_WARN_OBJC_ROOT_CLASS = YES_ERROR;
				CLANG_WARN_RANGE_LOOP_ANALYSIS = YES;
				CLANG_WARN_STRICT_PROTOTYPES = YES;
				CLANG_WARN_SUSPICIOUS_MOVE = YES;
				CLANG_WARN_UNGUARDED_AVAILABILITY = YES_AGGRESSIVE;
				CLANG_WARN_UNREACHABLE_CODE = YES;
				CLANG_WARN__DUPLICATE_METHOD_MATCH = YES;
				CODE_SIGN_IDENTITY = "iPhone Developer";
				COPY_PHASE_STRIP = NO;
				DEBUG_INFORMATION_FORMAT = dwarf;
				ENABLE_STRICT_OBJC_MSGSEND = YES;
				ENABLE_TESTABILITY = YES;
				GCC_C_LANGUAGE_STANDARD = gnu11;
				GCC_DYNAMIC_NO_PIC = NO;
				GCC_NO_COMMON_BLOCKS = YES;
				GCC_OPTIMIZATION_LEVEL = 0;
				GCC_PREPROCESSOR_DEFINITIONS = (
					"DEBUG=1",
					"$(inherited)",
				);
				GCC_WARN_64_TO_32_BIT_CONVERSION = YES;
				GCC_WARN_ABOUT_RETURN_TYPE = YES_ERROR;
				GCC_WARN_UNDECLARED_SELECTOR = YES;
				GCC_WARN_UNINITIALIZED_AUTOS = YES_AGGRESSIVE;
				GCC_WARN_UNUSED_FUNCTION = YES;
				GCC_WARN_UNUSED_VARIABLE = YES;
				IPHONEOS_DEPLOYMENT_TARGET = 11.1;
				MTL_ENABLE_DEBUG_INFO = YES;
				ONLY_ACTIVE_ARCH = YES;
				SDKROOT = iphoneos;
			};
			name = Debug;
		};
		84B8CCF2201A056800FAD66E /* Release */ = {
			isa = XCBuildConfiguration;
			buildSettings = {
				ALWAYS_SEARCH_USER_PATHS = NO;
				CLANG_ANALYZER_NONNULL = YES;
				CLANG_ANALYZER_NUMBER_OBJECT_CONVERSION = YES_AGGRESSIVE;
				CLANG_CXX_LANGUAGE_STANDARD = "gnu++14";
				CLANG_CXX_LIBRARY = "libc++";
				CLANG_ENABLE_MODULES = YES;
				CLANG_ENABLE_OBJC_ARC = YES;
				CLANG_WARN_BLOCK_CAPTURE_AUTORELEASING = YES;
				CLANG_WARN_BOOL_CONVERSION = YES;
				CLANG_WARN_COMMA = YES;
				CLANG_WARN_CONSTANT_CONVERSION = YES;
				CLANG_WARN_DIRECT_OBJC_ISA_USAGE = YES_ERROR;
				CLANG_WARN_DOCUMENTATION_COMMENTS = YES;
				CLANG_WARN_EMPTY_BODY = YES;
				CLANG_WARN_ENUM_CONVERSION = YES;
				CLANG_WARN_INFINITE_RECURSION = YES;
				CLANG_WARN_INT_CONVERSION = YES;
				CLANG_WARN_NON_LITERAL_NULL_CONVERSION = YES;
				CLANG_WARN_OBJC_LITERAL_CONVERSION = YES;
				CLANG_WARN_OBJC_ROOT_CLASS = YES_ERROR;
				CLANG_WARN_RANGE_LOOP_ANALYSIS = YES;
				CLANG_WARN_STRICT_PROTOTYPES = YES;
				CLANG_WARN_SUSPICIOUS_MOVE = YES;
				CLANG_WARN_UNGUARDED_AVAILABILITY = YES_AGGRESSIVE;
				CLANG_WARN_UNREACHABLE_CODE = YES;
				CLANG_WARN__DUPLICATE_METHOD_MATCH = YES;
				CODE_SIGN_IDENTITY = "iPhone Developer";
				COPY_PHASE_STRIP = NO;
				DEBUG_INFORMATION_FORMAT = "dwarf-with-dsym";
				ENABLE_NS_ASSERTIONS = NO;
				ENABLE_STRICT_OBJC_MSGSEND = YES;
				GCC_C_LANGUAGE_STANDARD = gnu11;
				GCC_NO_COMMON_BLOCKS = YES;
				GCC_WARN_64_TO_32_BIT_CONVERSION = YES;
				GCC_WARN_ABOUT_RETURN_TYPE = YES_ERROR;
				GCC_WARN_UNDECLARED_SELECTOR = YES;
				GCC_WARN_UNINITIALIZED_AUTOS = YES_AGGRESSIVE;
				GCC_WARN_UNUSED_FUNCTION = YES;
				GCC_WARN_UNUSED_VARIABLE = YES;
				IPHONEOS_DEPLOYMENT_TARGET = 11.1;
				MTL_ENABLE_DEBUG_INFO = NO;
				SDKROOT = iphoneos;
				VALIDATE_PRODUCT = YES;
			};
			name = Release;
		};
		84B8CCF4201A056800FAD66E /* Debug */ = {
			isa = XCBuildConfiguration;
			buildSettings = {
				ASSETCATALOG_COMPILER_APPICON_NAME = AppIcon;
				CLANG_ENABLE_MODULES = YES;
				CODE_SIGN_STYLE = Automatic;
				DEVELOPMENT_TEAM = ERT5B59458;
				INFOPLIST_FILE = ScannerIOSDemo/Info.plist;
				LD_RUNPATH_SEARCH_PATHS = "$(inherited) @executable_path/Frameworks";
				PRODUCT_BUNDLE_IDENTIFIER = com.kyzmitch.ScannerIOSDemo;
				PRODUCT_NAME = "$(TARGET_NAME)";
				SWIFT_OBJC_BRIDGING_HEADER = "ScannerIOSDemo/ScannerIOSDemo-Bridging-Header.h";
				SWIFT_OPTIMIZATION_LEVEL = "-Onone";
				SWIFT_VERSION = 3.0;
				TARGETED_DEVICE_FAMILY = "1,2";
			};
			name = Debug;
		};
		84B8CCF5201A056800FAD66E /* Release */ = {
			isa = XCBuildConfiguration;
			buildSettings = {
				ASSETCATALOG_COMPILER_APPICON_NAME = AppIcon;
				CLANG_ENABLE_MODULES = YES;
				CODE_SIGN_STYLE = Automatic;
				DEVELOPMENT_TEAM = ERT5B59458;
				INFOPLIST_FILE = ScannerIOSDemo/Info.plist;
				LD_RUNPATH_SEARCH_PATHS = "$(inherited) @executable_path/Frameworks";
				PRODUCT_BUNDLE_IDENTIFIER = com.kyzmitch.ScannerIOSDemo;
				PRODUCT_NAME = "$(TARGET_NAME)";
				SWIFT_OBJC_BRIDGING_HEADER = "ScannerIOSDemo/ScannerIOSDemo-Bridging-Header.h";
				SWIFT_VERSION = 3.0;
				TARGETED_DEVICE_FAMILY = "1,2";
			};
			name = Release;
		};
/* End XCBuildConfiguration section */

/* Begin XCConfigurationList section */
		84B8CCD8201A056800FAD66E /* Build configuration list for PBXProject "ScannerIOSDemo" */ = {
			isa = XCConfigurationList;
			buildConfigurations = (
				84B8CCF1201A056800FAD66E /* Debug */,
				84B8CCF2201A056800FAD66E /* Release */,
			);
			defaultConfigurationIsVisible = 0;
			defaultConfigurationName = Release;
		};
		84B8CCF3201A056800FAD66E /* Build configuration list for PBXNativeTarget "ScannerIOSDemo" */ = {
			isa = XCConfigurationList;
			buildConfigurations = (
				84B8CCF4201A056800FAD66E /* Debug */,
				84B8CCF5201A056800FAD66E /* Release */,
			);
			defaultConfigurationIsVisible = 0;
			defaultConfigurationName = Release;
		};
/* End XCConfigurationList section */
	};
	rootObject = 84B8CCD5201A056800FAD66E /* Project object */;
}
